{
  "version": 4,
  "terraform_version": "1.4.6",
  "serial": 145,
  "lineage": "93016202-1a43-a69a-ae34-5e3ddfc69876",
  "outputs": {},
  "resources": [
    {
      "mode": "managed",
      "type": "flexibleengine_compute_floatingip_associate_v2",
      "name": "myip",
      "provider": "provider[\"registry.terraform.io/flexibleenginecloud/flexibleengine\"]",
      "instances": [
        {
          "schema_version": 0,
          "attributes": {
            "fixed_ip": "192.168.24.67",
            "floating_ip": "90.84.180.223",
            "id": "90.84.180.223/3daa50c2-ec2f-4a47-9dce-da1073a5a97a/",
            "instance_id": "3daa50c2-ec2f-4a47-9dce-da1073a5a97a",
            "region": "eu-west-0"
          },
          "sensitive_attributes": [],
          "private": "bnVsbA==",
          "dependencies": [
            "flexibleengine_compute_instance_v2.example_ecs",
            "flexibleengine_vpc_eip.eip_example",
            "flexibleengine_vpc_subnet_v1.example_subnet",
            "flexibleengine_vpc_v1.example_vpc"
          ]
        }
      ]
    },
    {
      "mode": "managed",
      "type": "flexibleengine_compute_instance_v2",
      "name": "example_ecs",
      "provider": "provider[\"registry.terraform.io/flexibleenginecloud/flexibleengine\"]",
      "instances": [
        {
          "schema_version": 0,
          "attributes": {
            "access_ip_v4": "192.168.24.67",
            "access_ip_v6": "",
            "admin_pass": null,
            "all_metadata": {
              "charging_mode": "0",
              "image_name": "OBS Ubuntu 20.04",
              "metering.image_id": "112085a5-aa51-4a17-9d45-951afe0f3c5d",
              "metering.imagetype": "gold",
              "metering.resourcespeccode": "s6.small.1.linux",
              "os_bit": "64",
              "vpc_id": "36a626ff-290f-4cd7-b3c1-b39864e56725"
            },
            "auto_recovery": true,
            "availability_zone": "eu-west-0b",
            "block_device": [],
            "config_drive": null,
            "flavor_id": "s6.small.1",
            "flavor_name": "s6.small.1",
            "floating_ip": null,
            "id": "3daa50c2-ec2f-4a47-9dce-da1073a5a97a",
            "image_id": "112085a5-aa51-4a17-9d45-951afe0f3c5d",
            "image_name": "OBS Ubuntu 20.04",
            "key_pair": "KeyPair-ericbonnet1",
            "metadata": null,
            "name": "example-ecs",
            "network": [
              {
                "access_network": false,
                "fixed_ip_v4": "192.168.24.67",
                "fixed_ip_v6": "",
                "mac": "fa:16:3e:cd:3d:68",
                "name": "",
                "port": "6fb5ed86-cc0d-43a3-9a81-ef4387329926",
                "uuid": "7c124fd0-a87c-494c-a938-46a68f8acfb2"
              }
            ],
            "personality": [],
            "region": "eu-west-0",
            "scheduler_hints": [],
            "security_groups": [
              "sg-eric.bonnet-2"
            ],
            "status": "ACTIVE",
            "stop_before_destroy": false,
            "system_disk_id": "4593167d-01e2-497d-87b1-5c71b02b6f0c",
            "tags": null,
            "timeouts": null,
            "user_data": null,
            "volume_attached": [
              {
                "boot_index": 0,
                "pci_address": "0000:02:01.0",
                "size": 40,
                "type": "SAS",
                "uuid": "4593167d-01e2-497d-87b1-5c71b02b6f0c"
              }
            ]
          },
          "sensitive_attributes": [],
          "private": "eyJlMmJmYjczMC1lY2FhLTExZTYtOGY4OC0zNDM2M2JjN2M0YzAiOnsiY3JlYXRlIjoxODAwMDAwMDAwMDAwLCJkZWxldGUiOjE4MDAwMDAwMDAwMDAsInVwZGF0ZSI6MTgwMDAwMDAwMDAwMH19",
          "dependencies": [
            "flexibleengine_vpc_subnet_v1.example_subnet",
            "flexibleengine_vpc_v1.example_vpc"
          ]
        }
      ]
    },
    {
      "mode": "managed",
      "type": "flexibleengine_vpc_eip",
      "name": "eip_example",
      "provider": "provider[\"registry.terraform.io/flexibleenginecloud/flexibleengine\"]",
      "instances": [
        {
          "schema_version": 0,
          "attributes": {
            "address": "90.84.180.223",
            "bandwidth": [
              {
                "charge_mode": "traffic",
                "name": "test",
                "share_type": "PER",
                "size": 10
              }
            ],
            "id": "f2134ef0-2ff3-4568-a08d-6c773db63120",
            "publicip": [
              {
                "ip_address": "90.84.180.223",
                "port_id": "",
                "type": "5_bgp"
              }
            ],
            "region": "eu-west-0",
            "status": "UNBOUND",
            "tags": null,
            "timeouts": null
          },
          "sensitive_attributes": [],
          "private": "eyJlMmJmYjczMC1lY2FhLTExZTYtOGY4OC0zNDM2M2JjN2M0YzAiOnsiY3JlYXRlIjo2MDAwMDAwMDAwMDAsImRlbGV0ZSI6NjAwMDAwMDAwMDAwfX0="
        }
      ]
    },
    {
      "mode": "managed",
      "type": "flexibleengine_vpc_subnet_v1",
      "name": "example_subnet",
      "provider": "provider[\"registry.terraform.io/flexibleenginecloud/flexibleengine\"]",
      "instances": [
        {
          "schema_version": 0,
          "attributes": {
            "availability_zone": "",
            "cidr": "192.168.24.0/24",
            "description": "",
            "dhcp_enable": true,
            "dns_list": [],
            "gateway_ip": "192.168.24.1",
            "id": "7c124fd0-a87c-494c-a938-46a68f8acfb2",
            "ipv4_subnet_id": "9ababae4-736f-40ca-a82d-2f9c82f5f58e",
            "ipv6_cidr": "",
            "ipv6_enable": false,
            "ipv6_gateway": "",
            "ipv6_subnet_id": "",
            "name": "example-subnet",
            "primary_dns": "",
            "region": "eu-west-0",
            "secondary_dns": "",
            "subnet_id": "9ababae4-736f-40ca-a82d-2f9c82f5f58e",
            "tags": null,
            "timeouts": null,
            "vpc_id": "36a626ff-290f-4cd7-b3c1-b39864e56725"
          },
          "sensitive_attributes": [],
          "private": "eyJlMmJmYjczMC1lY2FhLTExZTYtOGY4OC0zNDM2M2JjN2M0YzAiOnsiY3JlYXRlIjozMDAwMDAwMDAwMDAsImRlbGV0ZSI6MzAwMDAwMDAwMDAwfX0=",
          "dependencies": [
            "flexibleengine_vpc_v1.example_vpc"
          ]
        }
      ]
    },
    {
      "mode": "managed",
      "type": "flexibleengine_vpc_v1",
      "name": "example_vpc",
      "provider": "provider[\"registry.terraform.io/flexibleenginecloud/flexibleengine\"]",
      "instances": [
        {
          "schema_version": 0,
          "attributes": {
            "cidr": "192.168.24.0/24",
            "description": "Example VPC",
            "enterprise_project_id": "0",
            "id": "36a626ff-290f-4cd7-b3c1-b39864e56725",
            "name": "example-vpc",
            "region": "eu-west-0",
            "routes": [],
            "secondary_cidr": null,
            "status": "OK",
            "tags": null,
            "timeouts": null
          },
          "sensitive_attributes": [],
          "private": "eyJlMmJmYjczMC1lY2FhLTExZTYtOGY4OC0zNDM2M2JjN2M0YzAiOnsiY3JlYXRlIjo2MDAwMDAwMDAwMDAsImRlbGV0ZSI6MTgwMDAwMDAwMDAwfX0="
        }
      ]
    }
  ],
  "check_results": null
}
